
Microsoft Visual Studio Solution File, Format Version 12.00
# Visual Studio Version 17
VisualStudioVersion = 17.8.34511.84
MinimumVisualStudioVersion = 10.0.40219.1
Project("{FAE04EC0-301F-11D3-BF4B-00C04F79EFBC}") = "Chat.WebAPI", "Chat.WebAPI\Chat.WebAPI.csproj", "{82254970-D5C4-4815-89A2-29831AE9E635}"
EndProject
Project("{FAE04EC0-301F-11D3-BF4B-00C04F79EFBC}") = "Chat.Data", "Chat.Data\Chat.Data.csproj", "{4DA33C69-0B69-4D98-801F-96777C0D2330}"
EndProject
Project("{FAE04EC0-301F-11D3-BF4B-00C04F79EFBC}") = "Chat.Abstractions", "Chat.Abstractions\Chat.Abstractions.csproj", "{3CC0B66B-0946-476E-B1DB-6E39B5E579DA}"
EndProject
Project("{FAE04EC0-301F-11D3-BF4B-00C04F79EFBC}") = "Chat.Model", "Chat.Model\Chat.Model.csproj", "{D5F904AA-2962-40D7-8BA5-EBA416985C4E}"
EndProject
Global
	GlobalSection(SolutionConfigurationPlatforms) = preSolution
		Debug|Any CPU = Debug|Any CPU
		Release|Any CPU = Release|Any CPU
	EndGlobalSection
	GlobalSection(ProjectConfigurationPlatforms) = postSolution
		{82254970-D5C4-4815-89A2-29831AE9E635}.Debug|Any CPU.ActiveCfg = Debug|Any CPU
		{82254970-D5C4-4815-89A2-29831AE9E635}.Debug|Any CPU.Build.0 = Debug|Any CPU
		{82254970-D5C4-4815-89A2-29831AE9E635}.Release|Any CPU.ActiveCfg = Release|Any CPU
		{82254970-D5C4-4815-89A2-29831AE9E635}.Release|Any CPU.Build.0 = Release|Any CPU
		{4DA33C69-0B69-4D98-801F-96777C0D2330}.Debug|Any CPU.ActiveCfg = Debug|Any CPU
		{4DA33C69-0B69-4D98-801F-96777C0D2330}.Debug|Any CPU.Build.0 = Debug|Any CPU
		{4DA33C69-0B69-4D98-801F-96777C0D2330}.Release|Any CPU.ActiveCfg = Release|Any CPU
		{4DA33C69-0B69-4D98-801F-96777C0D2330}.Release|Any CPU.Build.0 = Release|Any CPU
		{3CC0B66B-0946-476E-B1DB-6E39B5E579DA}.Debug|Any CPU.ActiveCfg = Debug|Any CPU
		{3CC0B66B-0946-476E-B1DB-6E39B5E579DA}.Debug|Any CPU.Build.0 = Debug|Any CPU
		{3CC0B66B-0946-476E-B1DB-6E39B5E579DA}.Release|Any CPU.ActiveCfg = Release|Any CPU
		{3CC0B66B-0946-476E-B1DB-6E39B5E579DA}.Release|Any CPU.Build.0 = Release|Any CPU
		{D5F904AA-2962-40D7-8BA5-EBA416985C4E}.Debug|Any CPU.ActiveCfg = Debug|Any CPU
		{D5F904AA-2962-40D7-8BA5-EBA416985C4E}.Debug|Any CPU.Build.0 = Debug|Any CPU
		{D5F904AA-2962-40D7-8BA5-EBA416985C4E}.Release|Any CPU.ActiveCfg = Release|Any CPU
		{D5F904AA-2962-40D7-8BA5-EBA416985C4E}.Release|Any CPU.Build.0 = Release|Any CPU
	EndGlobalSection
	GlobalSection(SolutionProperties) = preSolution
		HideSolutionNode = FALSE
	EndGlobalSection
	GlobalSection(ExtensibilityGlobals) = postSolution
		SolutionGuid = {5595078A-22FF-4843-BC96-A4D2B79247F0}
	EndGlobalSection
EndGlobal
